
Microsoft Visual Studio Solution File, Format Version 12.00
# Visual Studio 15
VisualStudioVersion = 15.0.28307.489
MinimumVisualStudioVersion = 10.0.40219.1
Project("{FAE04EC0-301F-11D3-BF4B-00C04F79EFBC}") = "TcpSocketProgramlama", "TcpSocketProgramlama\TcpSocketProgramlama.csproj", "{104B79CD-A130-44BB-ACB0-F3B2D95401A3}"
EndProject
Project("{FAE04EC0-301F-11D3-BF4B-00C04F79EFBC}") = "client", "client\client.csproj", "{353E1335-7915-415A-92C5-10EBE105B86F}"
EndProject
Global
	GlobalSection(SolutionConfigurationPlatforms) = preSolution
		Debug|Any CPU = Debug|Any CPU
		Release|Any CPU = Release|Any CPU
	EndGlobalSection
	GlobalSection(ProjectConfigurationPlatforms) = postSolution
		{104B79CD-A130-44BB-ACB0-F3B2D95401A3}.Debug|Any CPU.ActiveCfg = Debug|Any CPU
		{104B79CD-A130-44BB-ACB0-F3B2D95401A3}.Debug|Any CPU.Build.0 = Debug|Any CPU
		{104B79CD-A130-44BB-ACB0-F3B2D95401A3}.Release|Any CPU.ActiveCfg = Release|Any CPU
		{104B79CD-A130-44BB-ACB0-F3B2D95401A3}.Release|Any CPU.Build.0 = Release|Any CPU
		{353E1335-7915-415A-92C5-10EBE105B86F}.Debug|Any CPU.ActiveCfg = Debug|Any CPU
		{353E1335-7915-415A-92C5-10EBE105B86F}.Debug|Any CPU.Build.0 = Debug|Any CPU
		{353E1335-7915-415A-92C5-10EBE105B86F}.Release|Any CPU.ActiveCfg = Release|Any CPU
		{353E1335-7915-415A-92C5-10EBE105B86F}.Release|Any CPU.Build.0 = Release|Any CPU
	EndGlobalSection
	GlobalSection(SolutionProperties) = preSolution
		HideSolutionNode = FALSE
	EndGlobalSection
	GlobalSection(ExtensibilityGlobals) = postSolution
		SolutionGuid = {8F6219E5-0FA0-4BAA-980E-00589462ABB5}
	EndGlobalSection
EndGlobal
